
Microsoft Visual Studio Solution File, Format Version 12.00
# Visual Studio Version 17
VisualStudioVersion = 17.9.34728.123
MinimumVisualStudioVersion = 10.0.40219.1
Project("{FAE04EC0-301F-11D3-BF4B-00C04F79EFBC}") = "HuaweiCloud DDns", "HuaweiCloud DDns\HuaweiCloud DDns.csproj", "{A2CB4609-6F95-43A4-A8A1-387AD67D939E}"
EndProject
Global
	GlobalSection(SolutionConfigurationPlatforms) = preSolution
		Debug|Any CPU = Debug|Any CPU
		Release|Any CPU = Release|Any CPU
	EndGlobalSection
	GlobalSection(ProjectConfigurationPlatforms) = postSolution
		{A2CB4609-6F95-43A4-A8A1-387AD67D939E}.Debug|Any CPU.ActiveCfg = Debug|Any CPU
		{A2CB4609-6F95-43A4-A8A1-387AD67D939E}.Debug|Any CPU.Build.0 = Debug|Any CPU
		{A2CB4609-6F95-43A4-A8A1-387AD67D939E}.Release|Any CPU.ActiveCfg = Release|Any CPU
		{A2CB4609-6F95-43A4-A8A1-387AD67D939E}.Release|Any CPU.Build.0 = Release|Any CPU
	EndGlobalSection
	GlobalSection(SolutionProperties) = preSolution
		HideSolutionNode = FALSE
	EndGlobalSection
	GlobalSection(ExtensibilityGlobals) = postSolution
		SolutionGuid = {549BE811-2700-4C9B-AC4B-CF89F27B5612}
	EndGlobalSection
EndGlobal
